
Microsoft Visual Studio Solution File, Format Version 12.00
# Visual Studio Version 16
VisualStudioVersion = 16.0.808.7
MinimumVisualStudioVersion = 10.0.40219.1
Project("{FAE04EC0-301F-11D3-BF4B-00C04F79EFBC}") = "TheoryKitCOBOL", "TheoryKitCOBOL.csproj", "{D60F0E27-EAC6-4087-B3CE-3D222520FFEB}"
EndProject
Global
	GlobalSection(SolutionConfigurationPlatforms) = preSolution
		Debug|Any CPU = Debug|Any CPU
		Release|Any CPU = Release|Any CPU
	EndGlobalSection
	GlobalSection(ProjectConfigurationPlatforms) = postSolution
		{D60F0E27-EAC6-4087-B3CE-3D222520FFEB}.Debug|Any CPU.ActiveCfg = Debug|Any CPU
		{D60F0E27-EAC6-4087-B3CE-3D222520FFEB}.Debug|Any CPU.Build.0 = Debug|Any CPU
		{D60F0E27-EAC6-4087-B3CE-3D222520FFEB}.Release|Any CPU.ActiveCfg = Release|Any CPU
		{D60F0E27-EAC6-4087-B3CE-3D222520FFEB}.Release|Any CPU.Build.0 = Release|Any CPU
	EndGlobalSection
	GlobalSection(SolutionProperties) = preSolution
		HideSolutionNode = FALSE
	EndGlobalSection
	GlobalSection(ExtensibilityGlobals) = postSolution
		SolutionGuid = {B918DD51-2762-45DD-A9C3-6110A3BF6283}
	EndGlobalSection
EndGlobal
